# This file is automatically @generated by Cargo.
# It is not intended for manual editing.
[[package]]
name = "base64"
version = "0.2.1"
source = "registry+https://github.com/rust-lang/crates.io-index"

[[package]]
name = "rinites"
version = "0.1.0"
dependencies = [
 "base64 0.2.1 (registry+https://github.com/rust-lang/crates.io-index)",
]

[metadata]
"checksum base64 0.2.1 (registry+https://github.com/rust-lang/crates.io-index)" = "2015e3793554aa5b6007e3a72959e84c1070039e74f13dde08fa64afe1ddd892"
